// !$*UTF8*$!
{
	archiveVersion = 1;
	classes = {
	};
	objectVersion = 77;
	objects = {

/* Begin PBXBuildFile section */
		A10000000000000000000040 /* Montserrat-VariableFont_wght.ttf in Resources */ = {isa = PBXBuildFile; fileRef = A10000000000000000000042 /* Montserrat-VariableFont_wght.ttf */; };
		A10000000000000000000041 /* Montserrat-Italic-VariableFont_wght.ttf in Resources */ = {isa = PBXBuildFile; fileRef = A10000000000000000000043 /* Montserrat-Italic-VariableFont_wght.ttf */; };
/* End PBXBuildFile section */

/* Begin PBXContainerItemProxy section */
		A10000000000000000000021 /* PBXContainerItemProxy */ = {
			isa = PBXContainerItemProxy;
			containerPortal = 507E86D92FC6469B006C01BD /* Project object */;
			proxyType = 1;
			remoteGlobalIDString = 507E86E02FC6469B006C01BD;
			remoteInfo = SwiftUIMVVMTemplate;
		};
/* End PBXContainerItemProxy section */

/* Begin PBXFileReference section */
		507E86E12FC6469B006C01BD /* SwiftUIMVVMTemplate.app */ = {isa = PBXFileReference; explicitFileType = wrapper.application; includeInIndex = 0; path = SwiftUIMVVMTemplate.app; sourceTree = BUILT_PRODUCTS_DIR; };
		A10000000000000000000001 /* SwiftUIMVVMTemplateTests.xctest */ = {isa = PBXFileReference; explicitFileType = wrapper.cfbundle; includeInIndex = 0; path = SwiftUIMVVMTemplateTests.xctest; sourceTree = BUILT_PRODUCTS_DIR; };
		A10000000000000000000004 /* Base.xcconfig */ = {isa = PBXFileReference; lastKnownFileType = text.xcconfig; path = Base.xcconfig; sourceTree = "<group>"; };
		A10000000000000000000005 /* Development.xcconfig */ = {isa = PBXFileReference; lastKnownFileType = text.xcconfig; path = Development.xcconfig; sourceTree = "<group>"; };
		A10000000000000000000006 /* Production.xcconfig */ = {isa = PBXFileReference; lastKnownFileType = text.xcconfig; path = Production.xcconfig; sourceTree = "<group>"; };
		A10000000000000000000007 /* Secrets.xcconfig.example */ = {isa = PBXFileReference; lastKnownFileType = text.xcconfig; path = Secrets.xcconfig.example; sourceTree = "<group>"; };
		A10000000000000000000008 /* Info.plist */ = {isa = PBXFileReference; lastKnownFileType = text.plist.xml; path = Info.plist; sourceTree = "<group>"; };
		A10000000000000000000042 /* Montserrat-VariableFont_wght.ttf */ = {isa = PBXFileReference; lastKnownFileType = file; path = "Montserrat-VariableFont_wght.ttf"; sourceTree = "<group>"; };
		A10000000000000000000043 /* Montserrat-Italic-VariableFont_wght.ttf */ = {isa = PBXFileReference; lastKnownFileType = file; path = "Montserrat-Italic-VariableFont_wght.ttf"; sourceTree = "<group>"; };
/* End PBXFileReference section */

/* Begin PBXFileSystemSynchronizedRootGroup section */
		507E86E32FC6469B006C01BD /* SwiftUIMVVMTemplate */ = {
			isa = PBXFileSystemSynchronizedRootGroup;
			path = SwiftUIMVVMTemplate;
			sourceTree = "<group>";
		};
		A10000000000000000000002 /* SwiftUIMVVMTemplateTests */ = {
			isa = PBXFileSystemSynchronizedRootGroup;
			path = SwiftUIMVVMTemplateTests;
			sourceTree = "<group>";
		};
/* End PBXFileSystemSynchronizedRootGroup section */

/* Begin PBXFrameworksBuildPhase section */
		507E86DE2FC6469B006C01BD /* Frameworks */ = {
			isa = PBXFrameworksBuildPhase;
			buildActionMask = 2147483647;
			files = (
			);
			runOnlyForDeploymentPostprocessing = 0;
		};
		A10000000000000000000011 /* Frameworks */ = {
			isa = PBXFrameworksBuildPhase;
			buildActionMask = 2147483647;
			files = (
			);
			runOnlyForDeploymentPostprocessing = 0;
		};
/* End PBXFrameworksBuildPhase section */

/* Begin PBXGroup section */
		507E86D82FC6469B006C01BD = {
			isa = PBXGroup;
			children = (
				507E86E32FC6469B006C01BD /* SwiftUIMVVMTemplate */,
				A10000000000000000000002 /* SwiftUIMVVMTemplateTests */,
				A10000000000000000000003 /* Config */,
				A10000000000000000000044 /* Montserrat */,
				507E86E22FC6469B006C01BD /* Products */,
			);
			sourceTree = "<group>";
		};
		507E86E22FC6469B006C01BD /* Products */ = {
			isa = PBXGroup;
			children = (
				507E86E12FC6469B006C01BD /* SwiftUIMVVMTemplate.app */,
				A10000000000000000000001 /* SwiftUIMVVMTemplateTests.xctest */,
			);
			name = Products;
			sourceTree = "<group>";
		};
		A10000000000000000000003 /* Config */ = {
			isa = PBXGroup;
			children = (
				A10000000000000000000004 /* Base.xcconfig */,
				A10000000000000000000005 /* Development.xcconfig */,
				A10000000000000000000006 /* Production.xcconfig */,
				A10000000000000000000007 /* Secrets.xcconfig.example */,
				A10000000000000000000008 /* Info.plist */,
			);
			path = Config;
			sourceTree = "<group>";
		};
		A10000000000000000000044 /* Montserrat */ = {
			isa = PBXGroup;
			children = (
				A10000000000000000000042 /* Montserrat-VariableFont_wght.ttf */,
				A10000000000000000000043 /* Montserrat-Italic-VariableFont_wght.ttf */,
			);
			path = Montserrat;
			sourceTree = "<group>";
		};
/* End PBXGroup section */

/* Begin PBXNativeTarget section */
		507E86E02FC6469B006C01BD /* SwiftUIMVVMTemplate */ = {
			isa = PBXNativeTarget;
			buildConfigurationList = 507E86EC2FC6469B006C01BD /* Build configuration list for PBXNativeTarget "SwiftUIMVVMTemplate" */;
			buildPhases = (
				507E86DD2FC6469B006C01BD /* Sources */,
				507E86DE2FC6469B006C01BD /* Frameworks */,
				507E86DF2FC6469B006C01BD /* Resources */,
			);
			buildRules = (
			);
			dependencies = (
			);
			fileSystemSynchronizedGroups = (
				507E86E32FC6469B006C01BD /* SwiftUIMVVMTemplate */,
			);
			name = SwiftUIMVVMTemplate;
			packageProductDependencies = (
			);
			productName = SwiftUIMVVMTemplate;
			productReference = 507E86E12FC6469B006C01BD /* SwiftUIMVVMTemplate.app */;
			productType = "com.apple.product-type.application";
		};
		A10000000000000000000020 /* SwiftUIMVVMTemplateTests */ = {
			isa = PBXNativeTarget;
			buildConfigurationList = A10000000000000000000032 /* Build configuration list for PBXNativeTarget "SwiftUIMVVMTemplateTests" */;
			buildPhases = (
				A10000000000000000000010 /* Sources */,
				A10000000000000000000011 /* Frameworks */,
				A10000000000000000000012 /* Resources */,
			);
			buildRules = (
			);
			dependencies = (
				A10000000000000000000022 /* PBXTargetDependency */,
			);
			fileSystemSynchronizedGroups = (
				A10000000000000000000002 /* SwiftUIMVVMTemplateTests */,
			);
			name = SwiftUIMVVMTemplateTests;
			packageProductDependencies = (
			);
			productName = SwiftUIMVVMTemplateTests;
			productReference = A10000000000000000000001 /* SwiftUIMVVMTemplateTests.xctest */;
			productType = "com.apple.product-type.bundle.unit-test";
		};
/* End PBXNativeTarget section */

/* Begin PBXProject section */
		507E86D92FC6469B006C01BD /* Project object */ = {
			isa = PBXProject;
			attributes = {
				BuildIndependentTargetsInParallel = 1;
				LastSwiftUpdateCheck = 2650;
				LastUpgradeCheck = 2650;
				TargetAttributes = {
					507E86E02FC6469B006C01BD = {
						CreatedOnToolsVersion = 26.5;
					};
					A10000000000000000000020 = {
						CreatedOnToolsVersion = 26.5;
						TestTargetID = 507E86E02FC6469B006C01BD;
					};
				};
			};
			buildConfigurationList = 507E86DC2FC6469B006C01BD /* Build configuration list for PBXProject "SwiftUIMVVMTemplate" */;
			developmentRegion = en;
			hasScannedForEncodings = 0;
			knownRegions = (
				en,
				es,
				Base,
			);
			mainGroup = 507E86D82FC6469B006C01BD;
			minimizedProjectReferenceProxies = 1;
			preferredProjectObjectVersion = 77;
			productRefGroup = 507E86E22FC6469B006C01BD /* Products */;
			projectDirPath = "";
			projectRoot = "";
			targets = (
				507E86E02FC6469B006C01BD /* SwiftUIMVVMTemplate */,
				A10000000000000000000020 /* SwiftUIMVVMTemplateTests */,
			);
		};
/* End PBXProject section */

/* Begin PBXResourcesBuildPhase section */
		507E86DF2FC6469B006C01BD /* Resources */ = {
			isa = PBXResourcesBuildPhase;
			buildActionMask = 2147483647;
			files = (
				A10000000000000000000041 /* Montserrat-Italic-VariableFont_wght.ttf in Resources */,
				A10000000000000000000040 /* Montserrat-VariableFont_wght.ttf in Resources */,
			);
			runOnlyForDeploymentPostprocessing = 0;
		};
		A10000000000000000000012 /* Resources */ = {
			isa = PBXResourcesBuildPhase;
			buildActionMask = 2147483647;
			files = (
			);
			runOnlyForDeploymentPostprocessing = 0;
		};
/* End PBXResourcesBuildPhase section */

/* Begin PBXSourcesBuildPhase section */
		507E86DD2FC6469B006C01BD /* Sources */ = {
			isa = PBXSourcesBuildPhase;
			buildActionMask = 2147483647;
			files = (
			);
			runOnlyForDeploymentPostprocessing = 0;
		};
		A10000000000000000000010 /* Sources */ = {
			isa = PBXSourcesBuildPhase;
			buildActionMask = 2147483647;
			files = (
			);
			runOnlyForDeploymentPostprocessing = 0;
		};
/* End PBXSourcesBuildPhase section */

/* Begin PBXTargetDependency section */
		A10000000000000000000022 /* PBXTargetDependency */ = {
			isa = PBXTargetDependency;
			target = 507E86E02FC6469B006C01BD /* SwiftUIMVVMTemplate */;
			targetProxy = A10000000000000000000021 /* PBXContainerItemProxy */;
		};
/* End PBXTargetDependency section */

/* Begin XCBuildConfiguration section */
		507E86EA2FC6469B006C01BD /* Debug */ = {
			isa = XCBuildConfiguration;
			baseConfigurationReference = A10000000000000000000004 /* Base.xcconfig */;
			buildSettings = {
				ALWAYS_SEARCH_USER_PATHS = NO;
				ASSETCATALOG_COMPILER_GENERATE_SWIFT_ASSET_SYMBOL_EXTENSIONS = YES;
				CLANG_ENABLE_MODULES = YES;
				CLANG_ENABLE_OBJC_ARC = YES;
				COPY_PHASE_STRIP = NO;
				DEBUG_INFORMATION_FORMAT = dwarf;
				ENABLE_TESTABILITY = YES;
				ENABLE_USER_SCRIPT_SANDBOXING = YES;
				GCC_C_LANGUAGE_STANDARD = gnu17;
				GCC_OPTIMIZATION_LEVEL = 0;
				GCC_PREPROCESSOR_DEFINITIONS = (
					"DEBUG=1",
					"$(inherited)",
				);
				LOCALIZATION_PREFERS_STRING_CATALOGS = YES;
				ONLY_ACTIVE_ARCH = YES;
				SDKROOT = iphoneos;
				SWIFT_OPTIMIZATION_LEVEL = "-Onone";
			};
			name = Debug;
		};
		507E86EB2FC6469B006C01BD /* Release */ = {
			isa = XCBuildConfiguration;
			baseConfigurationReference = A10000000000000000000004 /* Base.xcconfig */;
			buildSettings = {
				ALWAYS_SEARCH_USER_PATHS = NO;
				ASSETCATALOG_COMPILER_GENERATE_SWIFT_ASSET_SYMBOL_EXTENSIONS = YES;
				CLANG_ENABLE_MODULES = YES;
				CLANG_ENABLE_OBJC_ARC = YES;
				COPY_PHASE_STRIP = NO;
				DEBUG_INFORMATION_FORMAT = "dwarf-with-dsym";
				ENABLE_NS_ASSERTIONS = NO;
				ENABLE_USER_SCRIPT_SANDBOXING = YES;
				GCC_C_LANGUAGE_STANDARD = gnu17;
				LOCALIZATION_PREFERS_STRING_CATALOGS = YES;
				SDKROOT = iphoneos;
				SWIFT_COMPILATION_MODE = wholemodule;
				VALIDATE_PRODUCT = YES;
			};
			name = Release;
		};
		507E86ED2FC6469B006C01BD /* Debug */ = {
			isa = XCBuildConfiguration;
			baseConfigurationReference = A10000000000000000000005 /* Development.xcconfig */;
			buildSettings = {
				ASSETCATALOG_COMPILER_APPICON_NAME = AppIcon;
				ASSETCATALOG_COMPILER_GLOBAL_ACCENT_COLOR_NAME = AccentColor;
				ENABLE_PREVIEWS = YES;
				INFOPLIST_KEY_UIApplicationSceneManifest_Generation = YES;
				INFOPLIST_KEY_UIApplicationSupportsIndirectInputEvents = YES;
				INFOPLIST_KEY_UILaunchScreen_Generation = YES;
				INFOPLIST_KEY_UISupportedInterfaceOrientations_iPad = "UIInterfaceOrientationPortrait UIInterfaceOrientationPortraitUpsideDown UIInterfaceOrientationLandscapeLeft UIInterfaceOrientationLandscapeRight";
				INFOPLIST_KEY_UISupportedInterfaceOrientations_iPhone = "UIInterfaceOrientationPortrait UIInterfaceOrientationLandscapeLeft UIInterfaceOrientationLandscapeRight";
				LD_RUNPATH_SEARCH_PATHS = (
					"$(inherited)",
					"@executable_path/Frameworks",
				);
				STRING_CATALOG_GENERATE_SYMBOLS = YES;
				SWIFT_APPROACHABLE_CONCURRENCY = YES;
				SWIFT_EMIT_LOC_STRINGS = YES;
				SWIFT_UPCOMING_FEATURE_MEMBER_IMPORT_VISIBILITY = YES;
				TARGETED_DEVICE_FAMILY = "1,2";
			};
			name = Debug;
		};
		507E86EE2FC6469B006C01BD /* Release */ = {
			isa = XCBuildConfiguration;
			baseConfigurationReference = A10000000000000000000006 /* Production.xcconfig */;
			buildSettings = {
				ASSETCATALOG_COMPILER_APPICON_NAME = AppIcon;
				ASSETCATALOG_COMPILER_GLOBAL_ACCENT_COLOR_NAME = AccentColor;
				ENABLE_PREVIEWS = YES;
				INFOPLIST_KEY_UIApplicationSceneManifest_Generation = YES;
				INFOPLIST_KEY_UIApplicationSupportsIndirectInputEvents = YES;
				INFOPLIST_KEY_UILaunchScreen_Generation = YES;
				INFOPLIST_KEY_UISupportedInterfaceOrientations_iPad = "UIInterfaceOrientationPortrait UIInterfaceOrientationPortraitUpsideDown UIInterfaceOrientationLandscapeLeft UIInterfaceOrientationLandscapeRight";
				INFOPLIST_KEY_UISupportedInterfaceOrientations_iPhone = "UIInterfaceOrientationPortrait UIInterfaceOrientationLandscapeLeft UIInterfaceOrientationLandscapeRight";
				LD_RUNPATH_SEARCH_PATHS = (
					"$(inherited)",
					"@executable_path/Frameworks",
				);
				STRING_CATALOG_GENERATE_SYMBOLS = YES;
				SWIFT_APPROACHABLE_CONCURRENCY = YES;
				SWIFT_EMIT_LOC_STRINGS = YES;
				SWIFT_UPCOMING_FEATURE_MEMBER_IMPORT_VISIBILITY = YES;
				TARGETED_DEVICE_FAMILY = "1,2";
			};
			name = Release;
		};
		A10000000000000000000030 /* Debug */ = {
			isa = XCBuildConfiguration;
			baseConfigurationReference = A10000000000000000000004 /* Base.xcconfig */;
			buildSettings = {
				BUNDLE_LOADER = "$(TEST_HOST)";
				GENERATE_INFOPLIST_FILE = YES;
				LD_RUNPATH_SEARCH_PATHS = (
					"$(inherited)",
					"@executable_path/Frameworks",
					"@loader_path/Frameworks",
				);
				PRODUCT_BUNDLE_IDENTIFIER = com.example.SwiftUIMVVMTemplateTests;
				PRODUCT_NAME = "$(TARGET_NAME)";
				SDKROOT = iphoneos;
				SWIFT_ACTIVE_COMPILATION_CONDITIONS = "DEBUG $(inherited)";
				TEST_HOST = "$(BUILT_PRODUCTS_DIR)/SwiftUIMVVMTemplate.app/$(BUNDLE_EXECUTABLE_FOLDER_PATH)/SwiftUIMVVMTemplate";
			};
			name = Debug;
		};
		A10000000000000000000031 /* Release */ = {
			isa = XCBuildConfiguration;
			baseConfigurationReference = A10000000000000000000004 /* Base.xcconfig */;
			buildSettings = {
				BUNDLE_LOADER = "$(TEST_HOST)";
				GENERATE_INFOPLIST_FILE = YES;
				LD_RUNPATH_SEARCH_PATHS = (
					"$(inherited)",
					"@executable_path/Frameworks",
					"@loader_path/Frameworks",
				);
				PRODUCT_BUNDLE_IDENTIFIER = com.example.SwiftUIMVVMTemplateTests;
				PRODUCT_NAME = "$(TARGET_NAME)";
				SDKROOT = iphoneos;
				TEST_HOST = "$(BUILT_PRODUCTS_DIR)/SwiftUIMVVMTemplate.app/$(BUNDLE_EXECUTABLE_FOLDER_PATH)/SwiftUIMVVMTemplate";
			};
			name = Release;
		};
/* End XCBuildConfiguration section */

/* Begin XCConfigurationList section */
		507E86DC2FC6469B006C01BD /* Build configuration list for PBXProject "SwiftUIMVVMTemplate" */ = {
			isa = XCConfigurationList;
			buildConfigurations = (
				507E86EA2FC6469B006C01BD /* Debug */,
				507E86EB2FC6469B006C01BD /* Release */,
			);
			defaultConfigurationIsVisible = 0;
			defaultConfigurationName = Release;
		};
		507E86EC2FC6469B006C01BD /* Build configuration list for PBXNativeTarget "SwiftUIMVVMTemplate" */ = {
			isa = XCConfigurationList;
			buildConfigurations = (
				507E86ED2FC6469B006C01BD /* Debug */,
				507E86EE2FC6469C006C01BD /* Release */,
			);
			defaultConfigurationIsVisible = 0;
			defaultConfigurationName = Release;
		};
		A10000000000000000000032 /* Build configuration list for PBXNativeTarget "SwiftUIMVVMTemplateTests" */ = {
			isa = XCConfigurationList;
			buildConfigurations = (
				A10000000000000000000030 /* Debug */,
				A10000000000000000000031 /* Release */,
			);
			defaultConfigurationIsVisible = 0;
			defaultConfigurationName = Release;
		};
/* End XCConfigurationList section */
	};
	rootObject = 507E86D92FC6469B006C01BD /* Project object */;
}
